
Microsoft Visual Studio Solution File, Format Version 12.00
# Visual Studio Version 16
VisualStudioVersion = 16.0.30413.136
MinimumVisualStudioVersion = 10.0.40219.1
Project("{9A19103F-16F7-4668-BE54-9A1E7A4F7556}") = "ConsoleTestEnv", "ConsoleTestEnv\ConsoleTestEnv.csproj", "{75424B6B-D367-49B6-B58B-EA4F70CAAC20}"
EndProject
Project("{FAE04EC0-301F-11D3-BF4B-00C04F79EFBC}") = "GUI", "GUI\GUI.csproj", "{806C3E76-82AD-4895-B30C-953403007B61}"
EndProject
Global
	GlobalSection(SolutionConfigurationPlatforms) = preSolution
		Debug|Any CPU = Debug|Any CPU
		Release|Any CPU = Release|Any CPU
	EndGlobalSection
	GlobalSection(ProjectConfigurationPlatforms) = postSolution
		{75424B6B-D367-49B6-B58B-EA4F70CAAC20}.Debug|Any CPU.ActiveCfg = Debug|Any CPU
		{75424B6B-D367-49B6-B58B-EA4F70CAAC20}.Debug|Any CPU.Build.0 = Debug|Any CPU
		{75424B6B-D367-49B6-B58B-EA4F70CAAC20}.Release|Any CPU.ActiveCfg = Release|Any CPU
		{75424B6B-D367-49B6-B58B-EA4F70CAAC20}.Release|Any CPU.Build.0 = Release|Any CPU
		{806C3E76-82AD-4895-B30C-953403007B61}.Debug|Any CPU.ActiveCfg = Debug|Any CPU
		{806C3E76-82AD-4895-B30C-953403007B61}.Debug|Any CPU.Build.0 = Debug|Any CPU
		{806C3E76-82AD-4895-B30C-953403007B61}.Release|Any CPU.ActiveCfg = Release|Any CPU
		{806C3E76-82AD-4895-B30C-953403007B61}.Release|Any CPU.Build.0 = Release|Any CPU
	EndGlobalSection
	GlobalSection(SolutionProperties) = preSolution
		HideSolutionNode = FALSE
	EndGlobalSection
	GlobalSection(ExtensibilityGlobals) = postSolution
		SolutionGuid = {B0BD59E1-DBBB-48D6-B224-F2CA1A67DB12}
	EndGlobalSection
EndGlobal
