
Microsoft Visual Studio Solution File, Format Version 12.00
# Visual Studio Version 16
VisualStudioVersion = 16.0.30413.136
MinimumVisualStudioVersion = 10.0.40219.1
Project("{9A19103F-16F7-4668-BE54-9A1E7A4F7556}") = "GUI", "GUI\GUI.csproj", "{F02102C0-4B8C-47EE-9032-7A55F4490B43}"
EndProject
Project("{2150E333-8FDC-42A3-9474-1A3956D46DE8}") = "Enterprise Business Rules", "Enterprise Business Rules", "{1CD64523-9EDB-4E04-83EB-EBFB55F663AC}"
EndProject
Project("{2150E333-8FDC-42A3-9474-1A3956D46DE8}") = "Application Business Rules", "Application Business Rules", "{08862C1B-3D9F-45A5-8325-6D7227F8DEA3}"
EndProject
Project("{2150E333-8FDC-42A3-9474-1A3956D46DE8}") = "Interface Adapters", "Interface Adapters", "{147FF269-3D51-41B0-94A3-FC3D47F36510}"
EndProject
Project("{2150E333-8FDC-42A3-9474-1A3956D46DE8}") = "Frameworks and Drivers", "Frameworks and Drivers", "{A7A244FD-393D-4D63-BC8E-960954277171}"
EndProject
Project("{FAE04EC0-301F-11D3-BF4B-00C04F79EFBC}") = "Database", "Database\Database.csproj", "{2C69E43D-684D-4BA1-B007-F95F5B470735}"
EndProject
Project("{FAE04EC0-301F-11D3-BF4B-00C04F79EFBC}") = "Presenters", "Presenters\Presenters.csproj", "{E306FC98-3639-4AB2-BF17-4261565D54ED}"
EndProject
Project("{FAE04EC0-301F-11D3-BF4B-00C04F79EFBC}") = "Controllers", "Controllers\Controllers.csproj", "{1831474A-2C14-4EFC-B41E-4E91F4689C24}"
EndProject
Project("{FAE04EC0-301F-11D3-BF4B-00C04F79EFBC}") = "Gateways", "Gateways\Gateways.csproj", "{D8CADE6D-2E38-4452-976F-E3B06BE9FFBC}"
EndProject
Project("{FAE04EC0-301F-11D3-BF4B-00C04F79EFBC}") = "Entities", "Entities\Entities.csproj", "{F6838889-D00A-4BD5-A26C-F81D18D038EF}"
EndProject
Project("{FAE04EC0-301F-11D3-BF4B-00C04F79EFBC}") = "UseCases", "UseCases\UseCases.csproj", "{0976202B-B739-44BB-B867-05D5552B0755}"
EndProject
Project("{2150E333-8FDC-42A3-9474-1A3956D46DE8}") = "Testing", "Testing", "{6B4B0B25-5260-4CAD-9C60-A77BA4256F49}"
EndProject
Project("{2150E333-8FDC-42A3-9474-1A3956D46DE8}") = "Solution Items", "Solution Items", "{757C6E69-0320-4714-A580-439B16FA2AF7}"
EndProject
Global
	GlobalSection(SolutionConfigurationPlatforms) = preSolution
		Debug|Any CPU = Debug|Any CPU
		Release|Any CPU = Release|Any CPU
	EndGlobalSection
	GlobalSection(ProjectConfigurationPlatforms) = postSolution
		{F02102C0-4B8C-47EE-9032-7A55F4490B43}.Debug|Any CPU.ActiveCfg = Debug|Any CPU
		{F02102C0-4B8C-47EE-9032-7A55F4490B43}.Debug|Any CPU.Build.0 = Debug|Any CPU
		{F02102C0-4B8C-47EE-9032-7A55F4490B43}.Release|Any CPU.ActiveCfg = Release|Any CPU
		{F02102C0-4B8C-47EE-9032-7A55F4490B43}.Release|Any CPU.Build.0 = Release|Any CPU
		{2C69E43D-684D-4BA1-B007-F95F5B470735}.Debug|Any CPU.ActiveCfg = Debug|Any CPU
		{2C69E43D-684D-4BA1-B007-F95F5B470735}.Debug|Any CPU.Build.0 = Debug|Any CPU
		{2C69E43D-684D-4BA1-B007-F95F5B470735}.Release|Any CPU.ActiveCfg = Release|Any CPU
		{2C69E43D-684D-4BA1-B007-F95F5B470735}.Release|Any CPU.Build.0 = Release|Any CPU
		{E306FC98-3639-4AB2-BF17-4261565D54ED}.Debug|Any CPU.ActiveCfg = Debug|Any CPU
		{E306FC98-3639-4AB2-BF17-4261565D54ED}.Debug|Any CPU.Build.0 = Debug|Any CPU
		{E306FC98-3639-4AB2-BF17-4261565D54ED}.Release|Any CPU.ActiveCfg = Release|Any CPU
		{E306FC98-3639-4AB2-BF17-4261565D54ED}.Release|Any CPU.Build.0 = Release|Any CPU
		{1831474A-2C14-4EFC-B41E-4E91F4689C24}.Debug|Any CPU.ActiveCfg = Debug|Any CPU
		{1831474A-2C14-4EFC-B41E-4E91F4689C24}.Debug|Any CPU.Build.0 = Debug|Any CPU
		{1831474A-2C14-4EFC-B41E-4E91F4689C24}.Release|Any CPU.ActiveCfg = Release|Any CPU
		{1831474A-2C14-4EFC-B41E-4E91F4689C24}.Release|Any CPU.Build.0 = Release|Any CPU
		{D8CADE6D-2E38-4452-976F-E3B06BE9FFBC}.Debug|Any CPU.ActiveCfg = Debug|Any CPU
		{D8CADE6D-2E38-4452-976F-E3B06BE9FFBC}.Debug|Any CPU.Build.0 = Debug|Any CPU
		{D8CADE6D-2E38-4452-976F-E3B06BE9FFBC}.Release|Any CPU.ActiveCfg = Release|Any CPU
		{D8CADE6D-2E38-4452-976F-E3B06BE9FFBC}.Release|Any CPU.Build.0 = Release|Any CPU
		{F6838889-D00A-4BD5-A26C-F81D18D038EF}.Debug|Any CPU.ActiveCfg = Debug|Any CPU
		{F6838889-D00A-4BD5-A26C-F81D18D038EF}.Debug|Any CPU.Build.0 = Debug|Any CPU
		{F6838889-D00A-4BD5-A26C-F81D18D038EF}.Release|Any CPU.ActiveCfg = Release|Any CPU
		{F6838889-D00A-4BD5-A26C-F81D18D038EF}.Release|Any CPU.Build.0 = Release|Any CPU
		{0976202B-B739-44BB-B867-05D5552B0755}.Debug|Any CPU.ActiveCfg = Debug|Any CPU
		{0976202B-B739-44BB-B867-05D5552B0755}.Debug|Any CPU.Build.0 = Debug|Any CPU
		{0976202B-B739-44BB-B867-05D5552B0755}.Release|Any CPU.ActiveCfg = Release|Any CPU
		{0976202B-B739-44BB-B867-05D5552B0755}.Release|Any CPU.Build.0 = Release|Any CPU
	EndGlobalSection
	GlobalSection(SolutionProperties) = preSolution
		HideSolutionNode = FALSE
	EndGlobalSection
	GlobalSection(NestedProjects) = preSolution
		{F02102C0-4B8C-47EE-9032-7A55F4490B43} = {A7A244FD-393D-4D63-BC8E-960954277171}
		{2C69E43D-684D-4BA1-B007-F95F5B470735} = {A7A244FD-393D-4D63-BC8E-960954277171}
		{E306FC98-3639-4AB2-BF17-4261565D54ED} = {147FF269-3D51-41B0-94A3-FC3D47F36510}
		{1831474A-2C14-4EFC-B41E-4E91F4689C24} = {147FF269-3D51-41B0-94A3-FC3D47F36510}
		{D8CADE6D-2E38-4452-976F-E3B06BE9FFBC} = {147FF269-3D51-41B0-94A3-FC3D47F36510}
		{F6838889-D00A-4BD5-A26C-F81D18D038EF} = {1CD64523-9EDB-4E04-83EB-EBFB55F663AC}
		{0976202B-B739-44BB-B867-05D5552B0755} = {08862C1B-3D9F-45A5-8325-6D7227F8DEA3}
	EndGlobalSection
	GlobalSection(ExtensibilityGlobals) = postSolution
		SolutionGuid = {B0BD59E1-DBBB-48D6-B224-F2CA1A67DB12}
	EndGlobalSection
EndGlobal
