
Microsoft Visual Studio Solution File, Format Version 12.00
# Visual Studio Version 16
VisualStudioVersion = 16.0.30413.136
MinimumVisualStudioVersion = 10.0.40219.1
Project("{9A19103F-16F7-4668-BE54-9A1E7A4F7556}") = "ConsoleTestEnv", "ConsoleTestEnv\ConsoleTestEnv.csproj", "{75424B6B-D367-49B6-B58B-EA4F70CAAC20}"
EndProject
Project("{9A19103F-16F7-4668-BE54-9A1E7A4F7556}") = "GUI", "GUI\GUI.csproj", "{F02102C0-4B8C-47EE-9032-7A55F4490B43}"
EndProject
Project("{FAE04EC0-301F-11D3-BF4B-00C04F79EFBC}") = "BusinessLogic.Tests", "BusinessLogic.Tests\BusinessLogic.Tests.csproj", "{5AA5128B-1264-4DF3-8273-D7D3BE205C20}"
EndProject
Project("{2150E333-8FDC-42A3-9474-1A3956D46DE8}") = "Tests", "Tests", "{3842AA1C-8C36-4A0B-9AF4-295FE2A77BD8}"
EndProject
Project("{FAE04EC0-301F-11D3-BF4B-00C04F79EFBC}") = "DataAccess.Tests", "DataAccess.Tests\DataAccess.Tests.csproj", "{58DF03A4-A849-4177-B74A-15F7232B66F8}"
EndProject
Project("{FAE04EC0-301F-11D3-BF4B-00C04F79EFBC}") = "Controller.Tests", "Controller.Tests\Controller.Tests.csproj", "{A620932C-E234-4AA7-900F-32DC4AD7154C}"
EndProject
Project("{FAE04EC0-301F-11D3-BF4B-00C04F79EFBC}") = "DataAccess", "DataAccess\DataAccess.csproj", "{3A948FF3-EA01-49EA-BD9A-A4A211A7DFA8}"
EndProject
Project("{FAE04EC0-301F-11D3-BF4B-00C04F79EFBC}") = "BusinessLogic", "BusinessLogic\BusinessLogic.csproj", "{B80B37A2-D9DC-4401-BD76-155167EDF349}"
EndProject
Global
	GlobalSection(SolutionConfigurationPlatforms) = preSolution
		Debug|Any CPU = Debug|Any CPU
		Release|Any CPU = Release|Any CPU
	EndGlobalSection
	GlobalSection(ProjectConfigurationPlatforms) = postSolution
		{75424B6B-D367-49B6-B58B-EA4F70CAAC20}.Debug|Any CPU.ActiveCfg = Debug|Any CPU
		{75424B6B-D367-49B6-B58B-EA4F70CAAC20}.Debug|Any CPU.Build.0 = Debug|Any CPU
		{75424B6B-D367-49B6-B58B-EA4F70CAAC20}.Release|Any CPU.ActiveCfg = Release|Any CPU
		{75424B6B-D367-49B6-B58B-EA4F70CAAC20}.Release|Any CPU.Build.0 = Release|Any CPU
		{F02102C0-4B8C-47EE-9032-7A55F4490B43}.Debug|Any CPU.ActiveCfg = Debug|Any CPU
		{F02102C0-4B8C-47EE-9032-7A55F4490B43}.Debug|Any CPU.Build.0 = Debug|Any CPU
		{F02102C0-4B8C-47EE-9032-7A55F4490B43}.Release|Any CPU.ActiveCfg = Release|Any CPU
		{F02102C0-4B8C-47EE-9032-7A55F4490B43}.Release|Any CPU.Build.0 = Release|Any CPU
		{5AA5128B-1264-4DF3-8273-D7D3BE205C20}.Debug|Any CPU.ActiveCfg = Debug|Any CPU
		{5AA5128B-1264-4DF3-8273-D7D3BE205C20}.Debug|Any CPU.Build.0 = Debug|Any CPU
		{5AA5128B-1264-4DF3-8273-D7D3BE205C20}.Release|Any CPU.ActiveCfg = Release|Any CPU
		{5AA5128B-1264-4DF3-8273-D7D3BE205C20}.Release|Any CPU.Build.0 = Release|Any CPU
		{58DF03A4-A849-4177-B74A-15F7232B66F8}.Debug|Any CPU.ActiveCfg = Debug|Any CPU
		{58DF03A4-A849-4177-B74A-15F7232B66F8}.Debug|Any CPU.Build.0 = Debug|Any CPU
		{58DF03A4-A849-4177-B74A-15F7232B66F8}.Release|Any CPU.ActiveCfg = Release|Any CPU
		{58DF03A4-A849-4177-B74A-15F7232B66F8}.Release|Any CPU.Build.0 = Release|Any CPU
		{A620932C-E234-4AA7-900F-32DC4AD7154C}.Debug|Any CPU.ActiveCfg = Debug|Any CPU
		{A620932C-E234-4AA7-900F-32DC4AD7154C}.Debug|Any CPU.Build.0 = Debug|Any CPU
		{A620932C-E234-4AA7-900F-32DC4AD7154C}.Release|Any CPU.ActiveCfg = Release|Any CPU
		{A620932C-E234-4AA7-900F-32DC4AD7154C}.Release|Any CPU.Build.0 = Release|Any CPU
		{3A948FF3-EA01-49EA-BD9A-A4A211A7DFA8}.Debug|Any CPU.ActiveCfg = Debug|Any CPU
		{3A948FF3-EA01-49EA-BD9A-A4A211A7DFA8}.Debug|Any CPU.Build.0 = Debug|Any CPU
		{3A948FF3-EA01-49EA-BD9A-A4A211A7DFA8}.Release|Any CPU.ActiveCfg = Release|Any CPU
		{3A948FF3-EA01-49EA-BD9A-A4A211A7DFA8}.Release|Any CPU.Build.0 = Release|Any CPU
		{B80B37A2-D9DC-4401-BD76-155167EDF349}.Debug|Any CPU.ActiveCfg = Debug|Any CPU
		{B80B37A2-D9DC-4401-BD76-155167EDF349}.Debug|Any CPU.Build.0 = Debug|Any CPU
		{B80B37A2-D9DC-4401-BD76-155167EDF349}.Release|Any CPU.ActiveCfg = Release|Any CPU
		{B80B37A2-D9DC-4401-BD76-155167EDF349}.Release|Any CPU.Build.0 = Release|Any CPU
	EndGlobalSection
	GlobalSection(SolutionProperties) = preSolution
		HideSolutionNode = FALSE
	EndGlobalSection
	GlobalSection(NestedProjects) = preSolution
		{5AA5128B-1264-4DF3-8273-D7D3BE205C20} = {3842AA1C-8C36-4A0B-9AF4-295FE2A77BD8}
		{58DF03A4-A849-4177-B74A-15F7232B66F8} = {3842AA1C-8C36-4A0B-9AF4-295FE2A77BD8}
		{A620932C-E234-4AA7-900F-32DC4AD7154C} = {3842AA1C-8C36-4A0B-9AF4-295FE2A77BD8}
	EndGlobalSection
	GlobalSection(ExtensibilityGlobals) = postSolution
		SolutionGuid = {B0BD59E1-DBBB-48D6-B224-F2CA1A67DB12}
	EndGlobalSection
EndGlobal
